{
  "name": "typesense-docsearch-react",
  "version": "0.0.2",
  "lockfileVersion": 1,
  "requires": true,
  "dependencies": {
    "@algolia/autocomplete-core": {
      "version": "1.2.1",
      "resolved": false,
      "integrity": "sha512-/SLS6636Wpl7eFiX7eEy0E3wBo60sUm1qRYybJBDt1fs8reiJ1+OSy+dZgrLBfLL4mSFqRIIUHXbVp25QdZ+iw==",
      "requires": {
        "@algolia/autocomplete-shared": "1.2.1"
      }
    },
    "@algolia/autocomplete-preset-algolia": {
      "version": "1.2.1",
      "resolved": false,
      "integrity": "sha512-Lf4PpPVgHNXm1ytrnVdrZYV7hAYSCpAI/TrebF8UC6xflPY6sKb1RL/2OfrO9On7SDjPBtNd+6MArSar5JmK0g==",
      "requires": {
        "@algolia/autocomplete-shared": "1.2.1"
      },
      "dependencies": {
        "@algolia/cache-browser-local-storage": {
          "version": "4.10.3",
          "resolved": false,
          "integrity": "sha512-TD1N7zg5lb56/PLjjD4bBl2eccEvVHhC7yfgFu2r9k5tf+gvbGxEZ3NhRZVKu2MObUIcEy2VR4LVLxOQu45Hlg==",
          "requires": {
            "@algolia/cache-common": "4.10.3"
          }
        },
        "@algolia/cache-common": {
          "version": "4.10.3",
          "resolved": false,
          "integrity": "sha512-q13cPPUmtf8a2suBC4kySSr97EyulSXuxUkn7l1tZUCX/k1y5KNheMp8npBy8Kc8gPPmHpacxddRSfOncjiKFw=="
        },
        "@algolia/cache-in-memory": {
          "version": "4.10.3",
          "resolved": false,
          "integrity": "sha512-JhPajhOXAjUP+TZrZTh6KJpF5VKTKyWK2aR1cD8NtrcVHwfGS7fTyfXfVm5BqBqkD9U0gVvufUt/mVyI80aZww==",
          "requires": {
            "@algolia/cache-common": "4.10.3"
          }
        },
        "@algolia/client-account": {
          "version": "4.10.3",
          "resolved": false,
          "integrity": "sha512-S/IsJB4s+e1xYctdpW3nAbwrR2y3pjSo9X21fJGoiGeIpTRdvQG7nydgsLkhnhcgAdLnmqBapYyAqMGmlcyOkg==",
          "requires": {
            "@algolia/client-common": "4.10.3",
            "@algolia/client-search": "4.10.3",
            "@algolia/transporter": "4.10.3"
          }
        },
        "@algolia/client-analytics": {
          "version": "4.10.3",
          "resolved": false,
          "integrity": "sha512-vlHTbBqJktRgclh3v7bPQLfZvFIqY4erNFIZA5C7nisCj9oLeTgzefoUrr+R90+I+XjfoLxnmoeigS1Z1yg1vw==",
          "requires": {
            "@algolia/client-common": "4.10.3",
            "@algolia/client-search": "4.10.3",
            "@algolia/requester-common": "4.10.3",
            "@algolia/transporter": "4.10.3"
          }
        },
        "@algolia/client-common": {
          "version": "4.10.3",
          "resolved": false,
          "integrity": "sha512-uFyP2Z14jG2hsFRbAoavna6oJf4NTXaSDAZgouZUZlHlBp5elM38sjNeA5HR9/D9J/GjwaB1SgB7iUiIWYBB4w==",
          "requires": {
            "@algolia/requester-common": "4.10.3",
            "@algolia/transporter": "4.10.3"
          }
        },
        "@algolia/client-search": {
          "version": "4.10.3",
          "resolved": false,
          "integrity": "sha512-Zwnp2G94IrNFKWCG/k7epI5UswRkPvL9FCt7/slXe2bkjP2y/HA37gzRn+9tXoLVRwd7gBzrtOA4jFKIyjrtVw==",
          "requires": {
            "@algolia/client-common": "4.10.3",
            "@algolia/requester-common": "4.10.3",
            "@algolia/transporter": "4.10.3"
          }
        },
        "@algolia/logger-common": {
          "version": "4.10.3",
          "resolved": false,
          "integrity": "sha512-M6xi+qov2bkgg1H9e1Qtvq/E/eKsGcgz8RBbXNzqPIYoDGZNkv+b3b8YMo3dxd4Wd6M24HU1iqF3kmr1LaXndg=="
        },
        "@algolia/logger-console": {
          "version": "4.10.3",
          "resolved": false,
          "integrity": "sha512-vVgRI7b4PHjgBdRkv/cRz490twvkLoGdpC4VYzIouSrKj8SIVLRhey3qgXk7oQXi3xoxVAv6NrklHfpO8Bpx0w==",
          "requires": {
            "@algolia/logger-common": "4.10.3"
          }
        },
        "@algolia/requester-browser-xhr": {
          "version": "4.10.3",
          "resolved": false,
          "integrity": "sha512-4WIk1zreFbc1EF6+gsfBTQvwSNjWc20zJAAExRWql/Jq5yfVHmwOqi/CajA53/cXKFBqo80DAMRvOiwP+hOLYw==",
          "requires": {
            "@algolia/requester-common": "4.10.3"
          }
        },
        "@algolia/requester-common": {
          "version": "4.10.3",
          "resolved": false,
          "integrity": "sha512-PNfLHmg0Hujugs3rx55uz/ifv7b9HVdSFQDb2hj0O5xZaBEuQCNOXC6COrXR8+9VEfqp2swpg7zwgtqFxh+BtQ=="
        },
        "@algolia/requester-node-http": {
          "version": "4.10.3",
          "resolved": false,
          "integrity": "sha512-A9ZcGfEvgqf0luJApdNcIhsRh6MShn2zn2tbjwjGG1joF81w+HUY+BWuLZn56vGwAA9ZB9n00IoJJpxibbfofg==",
          "requires": {
            "@algolia/requester-common": "4.10.3"
          }
        },
        "@algolia/transporter": {
          "version": "4.10.3",
          "resolved": false,
          "integrity": "sha512-n1lRyKDbrckbMEgm7QXtj3nEWUuzA3aKLzVQ43/F/RCFib15j4IwtmYhXR6OIBRSc7+T0Hm48S0J6F+HeYCQkw==",
          "requires": {
            "@algolia/cache-common": "4.10.3",
            "@algolia/logger-common": "4.10.3",
            "@algolia/requester-common": "4.10.3"
          }
        },
        "algoliasearch": {
          "version": "4.10.3",
          "resolved": false,
          "integrity": "sha512-OLY0AWlPKGLbSaw14ivMB7BT5fPdp8VdzY4L8FtzZnqmLKsyes24cltGlf7/X96ACkYEcT390SReCDt/9SUIRg==",
          "requires": {
            "@algolia/cache-browser-local-storage": "4.10.3",
            "@algolia/cache-common": "4.10.3",
            "@algolia/cache-in-memory": "4.10.3",
            "@algolia/client-account": "4.10.3",
            "@algolia/client-analytics": "4.10.3",
            "@algolia/client-common": "4.10.3",
            "@algolia/client-search": "4.10.3",
            "@algolia/logger-common": "4.10.3",
            "@algolia/logger-console": "4.10.3",
            "@algolia/requester-browser-xhr": "4.10.3",
            "@algolia/requester-common": "4.10.3",
            "@algolia/requester-node-http": "4.10.3",
            "@algolia/transporter": "4.10.3"
          }
        }
      }
    },
    "@algolia/autocomplete-shared": {
      "version": "1.2.1",
      "resolved": false,
      "integrity": "sha512-RHCwcXAYFwDXTlomstjWRFIzOfyxtQ9KmViacPE5P5hxUSSjkmG3dAb77xdydift1PaZNbho5TNTCi5UZe0RpA=="
    },
    "@docsearch/css": {
      "version": "3.0.0-alpha.39",
      "resolved": false,
      "integrity": "sha512-lr10MFTgcR3NRea/FtJ7uNtIpQz0XVwYxbpO5wxykgfHu1sxZTr6zwkuPquRgFYXnccxsTvfoIiK3rMH0fLr/w=="
    },
    "axios": {
      "version": "0.21.1",
      "resolved": "https://registry.npmjs.org/axios/-/axios-0.21.1.tgz",
      "integrity": "sha512-dKQiRHxGD9PPRIUNIWvZhPTPpl1rf/OxTYKsqKUDjBwYylTvV7SjSHJb9ratfyzM6wCdLCOYLzs73qpg5c4iGA==",
      "requires": {
        "follow-redirects": "^1.10.0"
      }
    },
    "follow-redirects": {
      "version": "1.14.2",
      "resolved": "https://registry.npmjs.org/follow-redirects/-/follow-redirects-1.14.2.tgz",
      "integrity": "sha512-yLR6WaE2lbF0x4K2qE2p9PEXKLDjUjnR/xmjS3wHAYxtlsI9MLLBJUZirAHKzUZDGLxje7w/cXR49WOUo4rbsA=="
    },
    "loglevel": {
      "version": "1.7.1",
      "resolved": "https://registry.npmjs.org/loglevel/-/loglevel-1.7.1.tgz",
      "integrity": "sha512-Hesni4s5UkWkwCGJMQGAh71PaLUmKFM60dHvq0zi/vDhhrzuk+4GgNbTXJ12YYQJn6ZKBDNIjYcuQGKudvqrIw=="
    },
    "typesense": {
      "version": "0.14.0",
      "resolved": "https://registry.npmjs.org/typesense/-/typesense-0.14.0.tgz",
      "integrity": "sha512-9ZLkjwhCYXCZuYmvS6En5hJm3AMhFZMbZ7hRMVFJlyK3essNqd8MSWEt2bpAvbvTN+1FgGLBQPJnpYdsbkVsKg==",
      "requires": {
        "axios": "^0.21.1",
        "loglevel": "^1.7.1"
      }
    },
    "typesense-instantsearch-adapter": {
      "version": "2.0.1",
      "resolved": "https://registry.npmjs.org/typesense-instantsearch-adapter/-/typesense-instantsearch-adapter-2.0.1.tgz",
      "integrity": "sha512-LsP0rb9pcZdEQr1QBH9g5kD34Us5qWIUAlyRy/vxy2KOT5wOUH28ElsByaZ6gFmtIyC9iOeGMigR9LQv3EW+Xg==",
      "requires": {
        "typesense": "^0.14.0"
      }
    }
  }
}
