{
  "name": "@docsearch/react",
  "version": "3.0.0-alpha.39",
  "lockfileVersion": 2,
  "requires": true,
  "packages": {
    "": {
      "name": "@docsearch/react",
      "version": "3.0.0-alpha.39",
      "license": "MIT",
      "dependencies": {
        "@algolia/autocomplete-core": "1.2.1",
        "@algolia/autocomplete-preset-algolia": "1.2.1",
        "@docsearch/css": "3.0.0-alpha.39",
        "algoliasearch": "^4.0.0",
        "typesense": "^0.14.0",
        "typesense-instantsearch-adapter": "^2.0.1"
      },
      "peerDependencies": {
        "@types/react": ">= 16.8.0 < 18.0.0",
        "react": ">= 16.8.0 < 18.0.0",
        "react-dom": ">= 16.8.0 < 18.0.0"
      }
    },
    "../../../../playground/docusaurus-playground/node_modules/react": {
      "version": "17.0.2",
      "integrity": "sha512-gnhPt75i/dq/z3/6q/0asP78D0u592D5L1pd7M8P+dck6Fu/jJeL6iVVK23fptSUZj8Vjf++7wXA8UNclGQcbA==",
      "license": "MIT",
      "peer": true,
      "dependencies": {
        "loose-envify": "^1.1.0",
        "object-assign": "^4.1.1"
      },
      "engines": {
        "node": ">=0.10.0"
      }
    },
    "node_modules/@algolia/autocomplete-core": {
      "version": "1.2.1",
      "integrity": "sha512-/SLS6636Wpl7eFiX7eEy0E3wBo60sUm1qRYybJBDt1fs8reiJ1+OSy+dZgrLBfLL4mSFqRIIUHXbVp25QdZ+iw==",
      "dependencies": {
        "@algolia/autocomplete-shared": "1.2.1"
      }
    },
    "node_modules/@algolia/autocomplete-preset-algolia": {
      "version": "1.2.1",
      "integrity": "sha512-Lf4PpPVgHNXm1ytrnVdrZYV7hAYSCpAI/TrebF8UC6xflPY6sKb1RL/2OfrO9On7SDjPBtNd+6MArSar5JmK0g==",
      "dependencies": {
        "@algolia/autocomplete-shared": "1.2.1"
      },
      "peerDependencies": {
        "@algolia/client-search": "^4.9.1",
        "algoliasearch": "^4.9.1"
      }
    },
    "node_modules/@algolia/autocomplete-preset-algolia/node_modules/@algolia/cache-browser-local-storage": {
      "version": "4.10.3",
      "integrity": "sha512-TD1N7zg5lb56/PLjjD4bBl2eccEvVHhC7yfgFu2r9k5tf+gvbGxEZ3NhRZVKu2MObUIcEy2VR4LVLxOQu45Hlg==",
      "peer": true,
      "dependencies": {
        "@algolia/cache-common": "4.10.3"
      }
    },
    "node_modules/@algolia/autocomplete-preset-algolia/node_modules/@algolia/cache-common": {
      "version": "4.10.3",
      "integrity": "sha512-q13cPPUmtf8a2suBC4kySSr97EyulSXuxUkn7l1tZUCX/k1y5KNheMp8npBy8Kc8gPPmHpacxddRSfOncjiKFw==",
      "peer": true
    },
    "node_modules/@algolia/autocomplete-preset-algolia/node_modules/@algolia/cache-in-memory": {
      "version": "4.10.3",
      "integrity": "sha512-JhPajhOXAjUP+TZrZTh6KJpF5VKTKyWK2aR1cD8NtrcVHwfGS7fTyfXfVm5BqBqkD9U0gVvufUt/mVyI80aZww==",
      "peer": true,
      "dependencies": {
        "@algolia/cache-common": "4.10.3"
      }
    },
    "node_modules/@algolia/autocomplete-preset-algolia/node_modules/@algolia/client-account": {
      "version": "4.10.3",
      "integrity": "sha512-S/IsJB4s+e1xYctdpW3nAbwrR2y3pjSo9X21fJGoiGeIpTRdvQG7nydgsLkhnhcgAdLnmqBapYyAqMGmlcyOkg==",
      "peer": true,
      "dependencies": {
        "@algolia/client-common": "4.10.3",
        "@algolia/client-search": "4.10.3",
        "@algolia/transporter": "4.10.3"
      }
    },
    "node_modules/@algolia/autocomplete-preset-algolia/node_modules/@algolia/client-analytics": {
      "version": "4.10.3",
      "integrity": "sha512-vlHTbBqJktRgclh3v7bPQLfZvFIqY4erNFIZA5C7nisCj9oLeTgzefoUrr+R90+I+XjfoLxnmoeigS1Z1yg1vw==",
      "peer": true,
      "dependencies": {
        "@algolia/client-common": "4.10.3",
        "@algolia/client-search": "4.10.3",
        "@algolia/requester-common": "4.10.3",
        "@algolia/transporter": "4.10.3"
      }
    },
    "node_modules/@algolia/autocomplete-preset-algolia/node_modules/@algolia/client-common": {
      "version": "4.10.3",
      "integrity": "sha512-uFyP2Z14jG2hsFRbAoavna6oJf4NTXaSDAZgouZUZlHlBp5elM38sjNeA5HR9/D9J/GjwaB1SgB7iUiIWYBB4w==",
      "peer": true,
      "dependencies": {
        "@algolia/requester-common": "4.10.3",
        "@algolia/transporter": "4.10.3"
      }
    },
    "node_modules/@algolia/autocomplete-preset-algolia/node_modules/@algolia/client-search": {
      "version": "4.10.3",
      "integrity": "sha512-Zwnp2G94IrNFKWCG/k7epI5UswRkPvL9FCt7/slXe2bkjP2y/HA37gzRn+9tXoLVRwd7gBzrtOA4jFKIyjrtVw==",
      "peer": true,
      "dependencies": {
        "@algolia/client-common": "4.10.3",
        "@algolia/requester-common": "4.10.3",
        "@algolia/transporter": "4.10.3"
      }
    },
    "node_modules/@algolia/autocomplete-preset-algolia/node_modules/@algolia/logger-common": {
      "version": "4.10.3",
      "integrity": "sha512-M6xi+qov2bkgg1H9e1Qtvq/E/eKsGcgz8RBbXNzqPIYoDGZNkv+b3b8YMo3dxd4Wd6M24HU1iqF3kmr1LaXndg==",
      "peer": true
    },
    "node_modules/@algolia/autocomplete-preset-algolia/node_modules/@algolia/logger-console": {
      "version": "4.10.3",
      "integrity": "sha512-vVgRI7b4PHjgBdRkv/cRz490twvkLoGdpC4VYzIouSrKj8SIVLRhey3qgXk7oQXi3xoxVAv6NrklHfpO8Bpx0w==",
      "peer": true,
      "dependencies": {
        "@algolia/logger-common": "4.10.3"
      }
    },
    "node_modules/@algolia/autocomplete-preset-algolia/node_modules/@algolia/requester-browser-xhr": {
      "version": "4.10.3",
      "integrity": "sha512-4WIk1zreFbc1EF6+gsfBTQvwSNjWc20zJAAExRWql/Jq5yfVHmwOqi/CajA53/cXKFBqo80DAMRvOiwP+hOLYw==",
      "peer": true,
      "dependencies": {
        "@algolia/requester-common": "4.10.3"
      }
    },
    "node_modules/@algolia/autocomplete-preset-algolia/node_modules/@algolia/requester-common": {
      "version": "4.10.3",
      "integrity": "sha512-PNfLHmg0Hujugs3rx55uz/ifv7b9HVdSFQDb2hj0O5xZaBEuQCNOXC6COrXR8+9VEfqp2swpg7zwgtqFxh+BtQ==",
      "peer": true
    },
    "node_modules/@algolia/autocomplete-preset-algolia/node_modules/@algolia/requester-node-http": {
      "version": "4.10.3",
      "integrity": "sha512-A9ZcGfEvgqf0luJApdNcIhsRh6MShn2zn2tbjwjGG1joF81w+HUY+BWuLZn56vGwAA9ZB9n00IoJJpxibbfofg==",
      "peer": true,
      "dependencies": {
        "@algolia/requester-common": "4.10.3"
      }
    },
    "node_modules/@algolia/autocomplete-preset-algolia/node_modules/@algolia/transporter": {
      "version": "4.10.3",
      "integrity": "sha512-n1lRyKDbrckbMEgm7QXtj3nEWUuzA3aKLzVQ43/F/RCFib15j4IwtmYhXR6OIBRSc7+T0Hm48S0J6F+HeYCQkw==",
      "peer": true,
      "dependencies": {
        "@algolia/cache-common": "4.10.3",
        "@algolia/logger-common": "4.10.3",
        "@algolia/requester-common": "4.10.3"
      }
    },
    "node_modules/@algolia/autocomplete-preset-algolia/node_modules/algoliasearch": {
      "version": "4.10.3",
      "integrity": "sha512-OLY0AWlPKGLbSaw14ivMB7BT5fPdp8VdzY4L8FtzZnqmLKsyes24cltGlf7/X96ACkYEcT390SReCDt/9SUIRg==",
      "peer": true,
      "dependencies": {
        "@algolia/cache-browser-local-storage": "4.10.3",
        "@algolia/cache-common": "4.10.3",
        "@algolia/cache-in-memory": "4.10.3",
        "@algolia/client-account": "4.10.3",
        "@algolia/client-analytics": "4.10.3",
        "@algolia/client-common": "4.10.3",
        "@algolia/client-personalization": "4.10.3",
        "@algolia/client-search": "4.10.3",
        "@algolia/logger-common": "4.10.3",
        "@algolia/logger-console": "4.10.3",
        "@algolia/requester-browser-xhr": "4.10.3",
        "@algolia/requester-common": "4.10.3",
        "@algolia/requester-node-http": "4.10.3",
        "@algolia/transporter": "4.10.3"
      }
    },
    "node_modules/@algolia/autocomplete-shared": {
      "version": "1.2.1",
      "integrity": "sha512-RHCwcXAYFwDXTlomstjWRFIzOfyxtQ9KmViacPE5P5hxUSSjkmG3dAb77xdydift1PaZNbho5TNTCi5UZe0RpA=="
    },
    "node_modules/@algolia/cache-browser-local-storage": {
      "version": "4.8.5",
      "integrity": "sha512-9rs/Yi82ilgifweJamOy4DlJ4xPGsCN/zg+RKy4vjytNhOrkEHLRQC8vPZ3OhD8KVlw9lRQIZTlgjgFl8iMeeA==",
      "dependencies": {
        "@algolia/cache-common": "4.8.5"
      }
    },
    "node_modules/@algolia/cache-common": {
      "version": "4.8.5",
      "integrity": "sha512-4SvRWnagKtwBFAy8Rsfmv0/Uk53fZL+6dy2idwdx6SjMGKSs0y1Qv+thb4h/k/H5MONisAoT9C2rgZ/mqwh5yw=="
    },
    "node_modules/@algolia/cache-in-memory": {
      "version": "4.8.5",
      "integrity": "sha512-XBBfqs28FbjwLboY3sxvuzBgYsuXdFsj2mUvkgxfb0GVEzwW4I0NM7KzSPwT+iht55WS1PgIOnynjmhPsrubCw==",
      "dependencies": {
        "@algolia/cache-common": "4.8.5"
      }
    },
    "node_modules/@algolia/client-account": {
      "version": "4.8.5",
      "integrity": "sha512-DjXMpeCdY4J4IDBfowiG6Xl9ec/FhG1NpPQM0Uv4xXsc/TeeZ1JgbgNDhWe9jW0jBEALy+a/RmPrZ0vsxcadsg==",
      "dependencies": {
        "@algolia/client-common": "4.8.5",
        "@algolia/client-search": "4.8.5",
        "@algolia/transporter": "4.8.5"
      }
    },
    "node_modules/@algolia/client-analytics": {
      "version": "4.8.5",
      "integrity": "sha512-PQEY+chbHmZnRJdaWsvUYzDpEPr60az0EPUexdouvXGZId15/SnDaXjnf89F7tYmCzkHdUtG4bSvPzAupQ4AFA==",
      "dependencies": {
        "@algolia/client-common": "4.8.5",
        "@algolia/client-search": "4.8.5",
        "@algolia/requester-common": "4.8.5",
        "@algolia/transporter": "4.8.5"
      }
    },
    "node_modules/@algolia/client-common": {
      "version": "4.8.5",
      "integrity": "sha512-Dn8vog2VrGsJeOcBMcSAEIjBtPyogzUBGlh1DtVd0m8GN6q+cImCESl6DY846M2PTYWsLBKBksq37eUfSe9FxQ==",
      "dependencies": {
        "@algolia/requester-common": "4.8.5",
        "@algolia/transporter": "4.8.5"
      }
    },
    "node_modules/@algolia/client-search": {
      "version": "4.8.5",
      "integrity": "sha512-Ru2MljGZWrSQ0CVsDla11oGEPL/RinmVkLJfBtQ+/pk1868VfpAQFGKtOS/b8/xLrMA0Vm4EfC3Mgclk/p3KJA==",
      "dependencies": {
        "@algolia/client-common": "4.8.5",
        "@algolia/requester-common": "4.8.5",
        "@algolia/transporter": "4.8.5"
      }
    },
    "node_modules/@algolia/logger-common": {
      "version": "4.8.5",
      "integrity": "sha512-PS6NS6bpED0rAxgCPGhjZJg9why0PnoVEE7ZoCbPq6lsAOc6FPlQLri4OiLyU7wx8RWDoVtOadyzulqAAsfPSQ=="
    },
    "node_modules/@algolia/logger-console": {
      "version": "4.8.5",
      "integrity": "sha512-3+4gLSbwzuGmrb5go3IZNcFIYVMSbB4c8UMtWEJ/gDBtgGZIvT6f/KlvVSOHIhthSxaM3Y13V6Qile/SpGqc6A==",
      "dependencies": {
        "@algolia/logger-common": "4.8.5"
      }
    },
    "node_modules/@algolia/requester-browser-xhr": {
      "version": "4.8.5",
      "integrity": "sha512-M/Gf2vv/fU4+CqDW+wok7HPpEcLym3NtDzU9zaPzGYI/9X7o36581oyfnzt2pNfsXSQVj5a2pZVUWC3Z4SO27w==",
      "dependencies": {
        "@algolia/requester-common": "4.8.5"
      }
    },
    "node_modules/@algolia/requester-common": {
      "version": "4.8.5",
      "integrity": "sha512-OIhsdwIrJVAlVlP7cwlt+RoR5AmxAoTGrFokOY9imVmgqXUUljdKO/DjhRL8vwYGFEidZ9efIjAIQ2B3XOhT9A=="
    },
    "node_modules/@algolia/requester-node-http": {
      "version": "4.8.5",
      "integrity": "sha512-viHAjfo53A3VSE7Bb/nzgpSMZ3prPp2qti7Wg8w7qxhntppKp3Fln6t4Vp+BoPOqruLsj139xXhheAKeRcYa0w==",
      "dependencies": {
        "@algolia/requester-common": "4.8.5"
      }
    },
    "node_modules/@algolia/transporter": {
      "version": "4.8.5",
      "integrity": "sha512-Rb3cMlh/GoJK0+g+49GNA3IvR/EXsDEBwpyM+FOotSwxgiGt1wGBHM0K2v0GHwIEcuww02pl6KMDVlilA+qh0g==",
      "dependencies": {
        "@algolia/cache-common": "4.8.5",
        "@algolia/logger-common": "4.8.5",
        "@algolia/requester-common": "4.8.5"
      }
    },
    "node_modules/@babel/runtime": {
      "version": "7.15.3",
      "resolved": "https://registry.npmjs.org/@babel/runtime/-/runtime-7.15.3.tgz",
      "integrity": "sha512-OvwMLqNXkCXSz1kSm58sEsNuhqOx/fKpnUnKnFB5v8uDda5bLNEHNgKPvhDN6IU0LDcnHQ90LlJ0Q6jnyBSIBA==",
      "peer": true,
      "dependencies": {
        "regenerator-runtime": "^0.13.4"
      },
      "engines": {
        "node": ">=6.9.0"
      }
    },
    "node_modules/@docsearch/css": {
      "version": "3.0.0-alpha.39",
      "integrity": "sha512-lr10MFTgcR3NRea/FtJ7uNtIpQz0XVwYxbpO5wxykgfHu1sxZTr6zwkuPquRgFYXnccxsTvfoIiK3rMH0fLr/w=="
    },
    "node_modules/@types/prop-types": {
      "version": "15.7.4",
      "integrity": "sha512-rZ5drC/jWjrArrS8BR6SIr4cWpW09RNTYt9AMZo3Jwwif+iacXAqgVjm0B0Bv/S1jhDXKHqRVNCbACkJ89RAnQ==",
      "peer": true
    },
    "node_modules/@types/react": {
      "version": "17.0.19",
      "integrity": "sha512-sX1HisdB1/ZESixMTGnMxH9TDe8Sk709734fEQZzCV/4lSu9kJCPbo2PbTRoZM+53Pp0P10hYVyReUueGwUi4A==",
      "peer": true,
      "dependencies": {
        "@types/prop-types": "*",
        "@types/scheduler": "*",
        "csstype": "^3.0.2"
      }
    },
    "node_modules/@types/scheduler": {
      "version": "0.16.2",
      "integrity": "sha512-hppQEBDmlwhFAXKJX2KnWLYu5yMfi91yazPb2l+lbJiwW+wdo1gNeRA+3RgNSO39WYX2euey41KEwnqesU2Jew==",
      "peer": true
    },
    "node_modules/algoliasearch": {
      "version": "4.8.5",
      "integrity": "sha512-GjKjpeevpePEJYinGokASNtIkl1t5EseNMlqDNAc+sXE8+iyyeqTyiJsN7bwlRG2BIremuslE/NlwdEfUuBLJw==",
      "dependencies": {
        "@algolia/cache-browser-local-storage": "4.8.5",
        "@algolia/cache-common": "4.8.5",
        "@algolia/cache-in-memory": "4.8.5",
        "@algolia/client-account": "4.8.5",
        "@algolia/client-analytics": "4.8.5",
        "@algolia/client-common": "4.8.5",
        "@algolia/client-recommendation": "4.8.5",
        "@algolia/client-search": "4.8.5",
        "@algolia/logger-common": "4.8.5",
        "@algolia/logger-console": "4.8.5",
        "@algolia/requester-browser-xhr": "4.8.5",
        "@algolia/requester-common": "4.8.5",
        "@algolia/requester-node-http": "4.8.5",
        "@algolia/transporter": "4.8.5"
      }
    },
    "node_modules/axios": {
      "version": "0.21.1",
      "resolved": "https://registry.npmjs.org/axios/-/axios-0.21.1.tgz",
      "integrity": "sha512-dKQiRHxGD9PPRIUNIWvZhPTPpl1rf/OxTYKsqKUDjBwYylTvV7SjSHJb9ratfyzM6wCdLCOYLzs73qpg5c4iGA==",
      "dependencies": {
        "follow-redirects": "^1.10.0"
      }
    },
    "node_modules/csstype": {
      "version": "3.0.8",
      "integrity": "sha512-jXKhWqXPmlUeoQnF/EhTtTl4C9SnrxSH/jZUih3jmO6lBKr99rP3/+FmrMj4EFpOXzMtXHAZkd3x0E6h6Fgflw==",
      "peer": true
    },
    "node_modules/follow-redirects": {
      "version": "1.14.2",
      "resolved": "https://registry.npmjs.org/follow-redirects/-/follow-redirects-1.14.2.tgz",
      "integrity": "sha512-yLR6WaE2lbF0x4K2qE2p9PEXKLDjUjnR/xmjS3wHAYxtlsI9MLLBJUZirAHKzUZDGLxje7w/cXR49WOUo4rbsA==",
      "funding": [
        {
          "type": "individual",
          "url": "https://github.com/sponsors/RubenVerborgh"
        }
      ],
      "engines": {
        "node": ">=4.0"
      },
      "peerDependenciesMeta": {
        "debug": {
          "optional": true
        }
      }
    },
    "node_modules/js-tokens": {
      "version": "4.0.0",
      "integrity": "sha512-RdJUflcE3cUzKiMqQgsCu06FPu9UdIJO0beYbPhHN4k6apgJtifcoCtT9bcxOpYBtpD2kCM6Sbzg4CausW/PKQ==",
      "peer": true
    },
    "node_modules/loglevel": {
      "version": "1.7.1",
      "resolved": "https://registry.npmjs.org/loglevel/-/loglevel-1.7.1.tgz",
      "integrity": "sha512-Hesni4s5UkWkwCGJMQGAh71PaLUmKFM60dHvq0zi/vDhhrzuk+4GgNbTXJ12YYQJn6ZKBDNIjYcuQGKudvqrIw==",
      "engines": {
        "node": ">= 0.6.0"
      },
      "funding": {
        "type": "tidelift",
        "url": "https://tidelift.com/funding/github/npm/loglevel"
      }
    },
    "node_modules/loose-envify": {
      "version": "1.4.0",
      "integrity": "sha512-lyuxPGr/Wfhrlem2CL/UcnUc1zcqKAImBDzukY7Y5F/yQiNdko6+fRLevlw1HgMySw7f611UIY408EtxRSoK3Q==",
      "peer": true,
      "dependencies": {
        "js-tokens": "^3.0.0 || ^4.0.0"
      },
      "bin": {
        "loose-envify": "cli.js"
      }
    },
    "node_modules/object-assign": {
      "version": "4.1.1",
      "integrity": "sha1-IQmtx5ZYh8/AXLvUQsrIv7s2CGM=",
      "peer": true,
      "engines": {
        "node": ">=0.10.0"
      }
    },
    "node_modules/react": {
      "resolved": "../../../../playground/docusaurus-playground/node_modules/react",
      "link": true
    },
    "node_modules/react-dom": {
      "version": "17.0.2",
      "integrity": "sha512-s4h96KtLDUQlsENhMn1ar8t2bEa+q/YAtj8pPPdIjPDGBDIVNsrD9aXNWqspUe6AzKCIG0C1HZZLqLV7qpOBGA==",
      "peer": true,
      "dependencies": {
        "loose-envify": "^1.1.0",
        "object-assign": "^4.1.1",
        "scheduler": "^0.20.2"
      },
      "peerDependencies": {
        "react": "17.0.2"
      }
    },
    "node_modules/regenerator-runtime": {
      "version": "0.13.9",
      "resolved": "https://registry.npmjs.org/regenerator-runtime/-/regenerator-runtime-0.13.9.tgz",
      "integrity": "sha512-p3VT+cOEgxFsRRA9X4lkI1E+k2/CtnKtU4gcxyaCUreilL/vqI6CdZ3wxVUx3UOUg+gnUOQQcRI7BmSI656MYA==",
      "peer": true
    },
    "node_modules/scheduler": {
      "version": "0.20.2",
      "integrity": "sha512-2eWfGgAqqWFGqtdMmcL5zCMK1U8KlXv8SQFGglL3CEtd0aDVDWgeF/YoCmvln55m5zSk3J/20hTaSBeSObsQDQ==",
      "peer": true,
      "dependencies": {
        "loose-envify": "^1.1.0",
        "object-assign": "^4.1.1"
      }
    },
    "node_modules/typesense": {
      "version": "0.14.0",
      "resolved": "https://registry.npmjs.org/typesense/-/typesense-0.14.0.tgz",
      "integrity": "sha512-9ZLkjwhCYXCZuYmvS6En5hJm3AMhFZMbZ7hRMVFJlyK3essNqd8MSWEt2bpAvbvTN+1FgGLBQPJnpYdsbkVsKg==",
      "dependencies": {
        "axios": "^0.21.1",
        "loglevel": "^1.7.1"
      },
      "peerDependencies": {
        "@babel/runtime": "^7.14.6"
      }
    },
    "node_modules/typesense-instantsearch-adapter": {
      "version": "2.0.1",
      "resolved": "https://registry.npmjs.org/typesense-instantsearch-adapter/-/typesense-instantsearch-adapter-2.0.1.tgz",
      "integrity": "sha512-LsP0rb9pcZdEQr1QBH9g5kD34Us5qWIUAlyRy/vxy2KOT5wOUH28ElsByaZ6gFmtIyC9iOeGMigR9LQv3EW+Xg==",
      "hasInstallScript": true,
      "dependencies": {
        "typesense": "^0.14.0"
      },
      "peerDependencies": {
        "@babel/runtime": "^7.13.17"
      }
    }
  },
  "dependencies": {
    "@algolia/autocomplete-core": {
      "version": "1.2.1",
      "integrity": "sha512-/SLS6636Wpl7eFiX7eEy0E3wBo60sUm1qRYybJBDt1fs8reiJ1+OSy+dZgrLBfLL4mSFqRIIUHXbVp25QdZ+iw==",
      "requires": {
        "@algolia/autocomplete-shared": "1.2.1"
      }
    },
    "@algolia/autocomplete-preset-algolia": {
      "version": "1.2.1",
      "integrity": "sha512-Lf4PpPVgHNXm1ytrnVdrZYV7hAYSCpAI/TrebF8UC6xflPY6sKb1RL/2OfrO9On7SDjPBtNd+6MArSar5JmK0g==",
      "requires": {
        "@algolia/autocomplete-shared": "1.2.1"
      },
      "dependencies": {
        "@algolia/cache-browser-local-storage": {
          "version": "4.10.3",
          "integrity": "sha512-TD1N7zg5lb56/PLjjD4bBl2eccEvVHhC7yfgFu2r9k5tf+gvbGxEZ3NhRZVKu2MObUIcEy2VR4LVLxOQu45Hlg==",
          "peer": true,
          "requires": {
            "@algolia/cache-common": "4.10.3"
          }
        },
        "@algolia/cache-common": {
          "version": "4.10.3",
          "integrity": "sha512-q13cPPUmtf8a2suBC4kySSr97EyulSXuxUkn7l1tZUCX/k1y5KNheMp8npBy8Kc8gPPmHpacxddRSfOncjiKFw==",
          "peer": true
        },
        "@algolia/cache-in-memory": {
          "version": "4.10.3",
          "integrity": "sha512-JhPajhOXAjUP+TZrZTh6KJpF5VKTKyWK2aR1cD8NtrcVHwfGS7fTyfXfVm5BqBqkD9U0gVvufUt/mVyI80aZww==",
          "peer": true,
          "requires": {
            "@algolia/cache-common": "4.10.3"
          }
        },
        "@algolia/client-account": {
          "version": "4.10.3",
          "integrity": "sha512-S/IsJB4s+e1xYctdpW3nAbwrR2y3pjSo9X21fJGoiGeIpTRdvQG7nydgsLkhnhcgAdLnmqBapYyAqMGmlcyOkg==",
          "peer": true,
          "requires": {
            "@algolia/client-common": "4.10.3",
            "@algolia/client-search": "4.10.3",
            "@algolia/transporter": "4.10.3"
          }
        },
        "@algolia/client-analytics": {
          "version": "4.10.3",
          "integrity": "sha512-vlHTbBqJktRgclh3v7bPQLfZvFIqY4erNFIZA5C7nisCj9oLeTgzefoUrr+R90+I+XjfoLxnmoeigS1Z1yg1vw==",
          "peer": true,
          "requires": {
            "@algolia/client-common": "4.10.3",
            "@algolia/client-search": "4.10.3",
            "@algolia/requester-common": "4.10.3",
            "@algolia/transporter": "4.10.3"
          }
        },
        "@algolia/client-common": {
          "version": "4.10.3",
          "integrity": "sha512-uFyP2Z14jG2hsFRbAoavna6oJf4NTXaSDAZgouZUZlHlBp5elM38sjNeA5HR9/D9J/GjwaB1SgB7iUiIWYBB4w==",
          "peer": true,
          "requires": {
            "@algolia/requester-common": "4.10.3",
            "@algolia/transporter": "4.10.3"
          }
        },
        "@algolia/client-search": {
          "version": "4.10.3",
          "integrity": "sha512-Zwnp2G94IrNFKWCG/k7epI5UswRkPvL9FCt7/slXe2bkjP2y/HA37gzRn+9tXoLVRwd7gBzrtOA4jFKIyjrtVw==",
          "peer": true,
          "requires": {
            "@algolia/client-common": "4.10.3",
            "@algolia/requester-common": "4.10.3",
            "@algolia/transporter": "4.10.3"
          }
        },
        "@algolia/logger-common": {
          "version": "4.10.3",
          "integrity": "sha512-M6xi+qov2bkgg1H9e1Qtvq/E/eKsGcgz8RBbXNzqPIYoDGZNkv+b3b8YMo3dxd4Wd6M24HU1iqF3kmr1LaXndg==",
          "peer": true
        },
        "@algolia/logger-console": {
          "version": "4.10.3",
          "integrity": "sha512-vVgRI7b4PHjgBdRkv/cRz490twvkLoGdpC4VYzIouSrKj8SIVLRhey3qgXk7oQXi3xoxVAv6NrklHfpO8Bpx0w==",
          "peer": true,
          "requires": {
            "@algolia/logger-common": "4.10.3"
          }
        },
        "@algolia/requester-browser-xhr": {
          "version": "4.10.3",
          "integrity": "sha512-4WIk1zreFbc1EF6+gsfBTQvwSNjWc20zJAAExRWql/Jq5yfVHmwOqi/CajA53/cXKFBqo80DAMRvOiwP+hOLYw==",
          "peer": true,
          "requires": {
            "@algolia/requester-common": "4.10.3"
          }
        },
        "@algolia/requester-common": {
          "version": "4.10.3",
          "integrity": "sha512-PNfLHmg0Hujugs3rx55uz/ifv7b9HVdSFQDb2hj0O5xZaBEuQCNOXC6COrXR8+9VEfqp2swpg7zwgtqFxh+BtQ==",
          "peer": true
        },
        "@algolia/requester-node-http": {
          "version": "4.10.3",
          "integrity": "sha512-A9ZcGfEvgqf0luJApdNcIhsRh6MShn2zn2tbjwjGG1joF81w+HUY+BWuLZn56vGwAA9ZB9n00IoJJpxibbfofg==",
          "peer": true,
          "requires": {
            "@algolia/requester-common": "4.10.3"
          }
        },
        "@algolia/transporter": {
          "version": "4.10.3",
          "integrity": "sha512-n1lRyKDbrckbMEgm7QXtj3nEWUuzA3aKLzVQ43/F/RCFib15j4IwtmYhXR6OIBRSc7+T0Hm48S0J6F+HeYCQkw==",
          "peer": true,
          "requires": {
            "@algolia/cache-common": "4.10.3",
            "@algolia/logger-common": "4.10.3",
            "@algolia/requester-common": "4.10.3"
          }
        },
        "algoliasearch": {
          "version": "4.10.3",
          "integrity": "sha512-OLY0AWlPKGLbSaw14ivMB7BT5fPdp8VdzY4L8FtzZnqmLKsyes24cltGlf7/X96ACkYEcT390SReCDt/9SUIRg==",
          "peer": true,
          "requires": {
            "@algolia/cache-browser-local-storage": "4.10.3",
            "@algolia/cache-common": "4.10.3",
            "@algolia/cache-in-memory": "4.10.3",
            "@algolia/client-account": "4.10.3",
            "@algolia/client-analytics": "4.10.3",
            "@algolia/client-common": "4.10.3",
            "@algolia/client-personalization": "4.10.3",
            "@algolia/client-search": "4.10.3",
            "@algolia/logger-common": "4.10.3",
            "@algolia/logger-console": "4.10.3",
            "@algolia/requester-browser-xhr": "4.10.3",
            "@algolia/requester-common": "4.10.3",
            "@algolia/requester-node-http": "4.10.3",
            "@algolia/transporter": "4.10.3"
          }
        }
      }
    },
    "@algolia/autocomplete-shared": {
      "version": "1.2.1",
      "integrity": "sha512-RHCwcXAYFwDXTlomstjWRFIzOfyxtQ9KmViacPE5P5hxUSSjkmG3dAb77xdydift1PaZNbho5TNTCi5UZe0RpA=="
    },
    "@algolia/cache-browser-local-storage": {
      "version": "4.8.5",
      "integrity": "sha512-9rs/Yi82ilgifweJamOy4DlJ4xPGsCN/zg+RKy4vjytNhOrkEHLRQC8vPZ3OhD8KVlw9lRQIZTlgjgFl8iMeeA==",
      "requires": {
        "@algolia/cache-common": "4.8.5"
      }
    },
    "@algolia/cache-common": {
      "version": "4.8.5",
      "integrity": "sha512-4SvRWnagKtwBFAy8Rsfmv0/Uk53fZL+6dy2idwdx6SjMGKSs0y1Qv+thb4h/k/H5MONisAoT9C2rgZ/mqwh5yw=="
    },
    "@algolia/cache-in-memory": {
      "version": "4.8.5",
      "integrity": "sha512-XBBfqs28FbjwLboY3sxvuzBgYsuXdFsj2mUvkgxfb0GVEzwW4I0NM7KzSPwT+iht55WS1PgIOnynjmhPsrubCw==",
      "requires": {
        "@algolia/cache-common": "4.8.5"
      }
    },
    "@algolia/client-account": {
      "version": "4.8.5",
      "integrity": "sha512-DjXMpeCdY4J4IDBfowiG6Xl9ec/FhG1NpPQM0Uv4xXsc/TeeZ1JgbgNDhWe9jW0jBEALy+a/RmPrZ0vsxcadsg==",
      "requires": {
        "@algolia/client-common": "4.8.5",
        "@algolia/client-search": "4.8.5",
        "@algolia/transporter": "4.8.5"
      }
    },
    "@algolia/client-analytics": {
      "version": "4.8.5",
      "integrity": "sha512-PQEY+chbHmZnRJdaWsvUYzDpEPr60az0EPUexdouvXGZId15/SnDaXjnf89F7tYmCzkHdUtG4bSvPzAupQ4AFA==",
      "requires": {
        "@algolia/client-common": "4.8.5",
        "@algolia/client-search": "4.8.5",
        "@algolia/requester-common": "4.8.5",
        "@algolia/transporter": "4.8.5"
      }
    },
    "@algolia/client-common": {
      "version": "4.8.5",
      "integrity": "sha512-Dn8vog2VrGsJeOcBMcSAEIjBtPyogzUBGlh1DtVd0m8GN6q+cImCESl6DY846M2PTYWsLBKBksq37eUfSe9FxQ==",
      "requires": {
        "@algolia/requester-common": "4.8.5",
        "@algolia/transporter": "4.8.5"
      }
    },
    "@algolia/client-search": {
      "version": "4.8.5",
      "integrity": "sha512-Ru2MljGZWrSQ0CVsDla11oGEPL/RinmVkLJfBtQ+/pk1868VfpAQFGKtOS/b8/xLrMA0Vm4EfC3Mgclk/p3KJA==",
      "requires": {
        "@algolia/client-common": "4.8.5",
        "@algolia/requester-common": "4.8.5",
        "@algolia/transporter": "4.8.5"
      }
    },
    "@algolia/logger-common": {
      "version": "4.8.5",
      "integrity": "sha512-PS6NS6bpED0rAxgCPGhjZJg9why0PnoVEE7ZoCbPq6lsAOc6FPlQLri4OiLyU7wx8RWDoVtOadyzulqAAsfPSQ=="
    },
    "@algolia/logger-console": {
      "version": "4.8.5",
      "integrity": "sha512-3+4gLSbwzuGmrb5go3IZNcFIYVMSbB4c8UMtWEJ/gDBtgGZIvT6f/KlvVSOHIhthSxaM3Y13V6Qile/SpGqc6A==",
      "requires": {
        "@algolia/logger-common": "4.8.5"
      }
    },
    "@algolia/requester-browser-xhr": {
      "version": "4.8.5",
      "integrity": "sha512-M/Gf2vv/fU4+CqDW+wok7HPpEcLym3NtDzU9zaPzGYI/9X7o36581oyfnzt2pNfsXSQVj5a2pZVUWC3Z4SO27w==",
      "requires": {
        "@algolia/requester-common": "4.8.5"
      }
    },
    "@algolia/requester-common": {
      "version": "4.8.5",
      "integrity": "sha512-OIhsdwIrJVAlVlP7cwlt+RoR5AmxAoTGrFokOY9imVmgqXUUljdKO/DjhRL8vwYGFEidZ9efIjAIQ2B3XOhT9A=="
    },
    "@algolia/requester-node-http": {
      "version": "4.8.5",
      "integrity": "sha512-viHAjfo53A3VSE7Bb/nzgpSMZ3prPp2qti7Wg8w7qxhntppKp3Fln6t4Vp+BoPOqruLsj139xXhheAKeRcYa0w==",
      "requires": {
        "@algolia/requester-common": "4.8.5"
      }
    },
    "@algolia/transporter": {
      "version": "4.8.5",
      "integrity": "sha512-Rb3cMlh/GoJK0+g+49GNA3IvR/EXsDEBwpyM+FOotSwxgiGt1wGBHM0K2v0GHwIEcuww02pl6KMDVlilA+qh0g==",
      "requires": {
        "@algolia/cache-common": "4.8.5",
        "@algolia/logger-common": "4.8.5",
        "@algolia/requester-common": "4.8.5"
      }
    },
    "@babel/runtime": {
      "version": "7.15.3",
      "resolved": "https://registry.npmjs.org/@babel/runtime/-/runtime-7.15.3.tgz",
      "integrity": "sha512-OvwMLqNXkCXSz1kSm58sEsNuhqOx/fKpnUnKnFB5v8uDda5bLNEHNgKPvhDN6IU0LDcnHQ90LlJ0Q6jnyBSIBA==",
      "peer": true,
      "requires": {
        "regenerator-runtime": "^0.13.4"
      }
    },
    "@docsearch/css": {
      "version": "3.0.0-alpha.39",
      "integrity": "sha512-lr10MFTgcR3NRea/FtJ7uNtIpQz0XVwYxbpO5wxykgfHu1sxZTr6zwkuPquRgFYXnccxsTvfoIiK3rMH0fLr/w=="
    },
    "@types/prop-types": {
      "version": "15.7.4",
      "integrity": "sha512-rZ5drC/jWjrArrS8BR6SIr4cWpW09RNTYt9AMZo3Jwwif+iacXAqgVjm0B0Bv/S1jhDXKHqRVNCbACkJ89RAnQ==",
      "peer": true
    },
    "@types/react": {
      "version": "17.0.19",
      "integrity": "sha512-sX1HisdB1/ZESixMTGnMxH9TDe8Sk709734fEQZzCV/4lSu9kJCPbo2PbTRoZM+53Pp0P10hYVyReUueGwUi4A==",
      "peer": true,
      "requires": {
        "@types/prop-types": "*",
        "@types/scheduler": "*",
        "csstype": "^3.0.2"
      }
    },
    "@types/scheduler": {
      "version": "0.16.2",
      "integrity": "sha512-hppQEBDmlwhFAXKJX2KnWLYu5yMfi91yazPb2l+lbJiwW+wdo1gNeRA+3RgNSO39WYX2euey41KEwnqesU2Jew==",
      "peer": true
    },
    "algoliasearch": {
      "version": "4.8.5",
      "integrity": "sha512-GjKjpeevpePEJYinGokASNtIkl1t5EseNMlqDNAc+sXE8+iyyeqTyiJsN7bwlRG2BIremuslE/NlwdEfUuBLJw==",
      "requires": {
        "@algolia/cache-browser-local-storage": "4.8.5",
        "@algolia/cache-common": "4.8.5",
        "@algolia/cache-in-memory": "4.8.5",
        "@algolia/client-account": "4.8.5",
        "@algolia/client-analytics": "4.8.5",
        "@algolia/client-common": "4.8.5",
        "@algolia/client-recommendation": "4.8.5",
        "@algolia/client-search": "4.8.5",
        "@algolia/logger-common": "4.8.5",
        "@algolia/logger-console": "4.8.5",
        "@algolia/requester-browser-xhr": "4.8.5",
        "@algolia/requester-common": "4.8.5",
        "@algolia/requester-node-http": "4.8.5",
        "@algolia/transporter": "4.8.5"
      }
    },
    "axios": {
      "version": "0.21.1",
      "resolved": "https://registry.npmjs.org/axios/-/axios-0.21.1.tgz",
      "integrity": "sha512-dKQiRHxGD9PPRIUNIWvZhPTPpl1rf/OxTYKsqKUDjBwYylTvV7SjSHJb9ratfyzM6wCdLCOYLzs73qpg5c4iGA==",
      "requires": {
        "follow-redirects": "^1.10.0"
      }
    },
    "csstype": {
      "version": "3.0.8",
      "integrity": "sha512-jXKhWqXPmlUeoQnF/EhTtTl4C9SnrxSH/jZUih3jmO6lBKr99rP3/+FmrMj4EFpOXzMtXHAZkd3x0E6h6Fgflw==",
      "peer": true
    },
    "follow-redirects": {
      "version": "1.14.2",
      "resolved": "https://registry.npmjs.org/follow-redirects/-/follow-redirects-1.14.2.tgz",
      "integrity": "sha512-yLR6WaE2lbF0x4K2qE2p9PEXKLDjUjnR/xmjS3wHAYxtlsI9MLLBJUZirAHKzUZDGLxje7w/cXR49WOUo4rbsA=="
    },
    "js-tokens": {
      "version": "4.0.0",
      "integrity": "sha512-RdJUflcE3cUzKiMqQgsCu06FPu9UdIJO0beYbPhHN4k6apgJtifcoCtT9bcxOpYBtpD2kCM6Sbzg4CausW/PKQ==",
      "peer": true
    },
    "loglevel": {
      "version": "1.7.1",
      "resolved": "https://registry.npmjs.org/loglevel/-/loglevel-1.7.1.tgz",
      "integrity": "sha512-Hesni4s5UkWkwCGJMQGAh71PaLUmKFM60dHvq0zi/vDhhrzuk+4GgNbTXJ12YYQJn6ZKBDNIjYcuQGKudvqrIw=="
    },
    "loose-envify": {
      "version": "1.4.0",
      "integrity": "sha512-lyuxPGr/Wfhrlem2CL/UcnUc1zcqKAImBDzukY7Y5F/yQiNdko6+fRLevlw1HgMySw7f611UIY408EtxRSoK3Q==",
      "peer": true,
      "requires": {
        "js-tokens": "^3.0.0 || ^4.0.0"
      }
    },
    "object-assign": {
      "version": "4.1.1",
      "integrity": "sha1-IQmtx5ZYh8/AXLvUQsrIv7s2CGM=",
      "peer": true
    },
    "react": {
      "version": "file:../../../../playground/docusaurus-playground/node_modules/react",
      "requires": {
        "loose-envify": "^1.1.0",
        "object-assign": "^4.1.1"
      }
    },
    "react-dom": {
      "version": "17.0.2",
      "integrity": "sha512-s4h96KtLDUQlsENhMn1ar8t2bEa+q/YAtj8pPPdIjPDGBDIVNsrD9aXNWqspUe6AzKCIG0C1HZZLqLV7qpOBGA==",
      "peer": true,
      "requires": {
        "loose-envify": "^1.1.0",
        "object-assign": "^4.1.1",
        "scheduler": "^0.20.2"
      }
    },
    "regenerator-runtime": {
      "version": "0.13.9",
      "resolved": "https://registry.npmjs.org/regenerator-runtime/-/regenerator-runtime-0.13.9.tgz",
      "integrity": "sha512-p3VT+cOEgxFsRRA9X4lkI1E+k2/CtnKtU4gcxyaCUreilL/vqI6CdZ3wxVUx3UOUg+gnUOQQcRI7BmSI656MYA==",
      "peer": true
    },
    "scheduler": {
      "version": "0.20.2",
      "integrity": "sha512-2eWfGgAqqWFGqtdMmcL5zCMK1U8KlXv8SQFGglL3CEtd0aDVDWgeF/YoCmvln55m5zSk3J/20hTaSBeSObsQDQ==",
      "peer": true,
      "requires": {
        "loose-envify": "^1.1.0",
        "object-assign": "^4.1.1"
      }
    },
    "typesense": {
      "version": "0.14.0",
      "resolved": "https://registry.npmjs.org/typesense/-/typesense-0.14.0.tgz",
      "integrity": "sha512-9ZLkjwhCYXCZuYmvS6En5hJm3AMhFZMbZ7hRMVFJlyK3essNqd8MSWEt2bpAvbvTN+1FgGLBQPJnpYdsbkVsKg==",
      "requires": {
        "axios": "^0.21.1",
        "loglevel": "^1.7.1"
      }
    },
    "typesense-instantsearch-adapter": {
      "version": "2.0.1",
      "resolved": "https://registry.npmjs.org/typesense-instantsearch-adapter/-/typesense-instantsearch-adapter-2.0.1.tgz",
      "integrity": "sha512-LsP0rb9pcZdEQr1QBH9g5kD34Us5qWIUAlyRy/vxy2KOT5wOUH28ElsByaZ6gFmtIyC9iOeGMigR9LQv3EW+Xg==",
      "requires": {
        "typesense": "^0.14.0"
      }
    }
  }
}
